Microsoft Visual Studio Solution File, Format Version 12.00
# Visual Studio 15
VisualStudioVersion = 15.0.28307.489
MinimumVisualStudioVersion = 10.0.40219.1
Project("{FAE04EC0-301F-11D3-BF4B-00C04F79EFBC}") = "appcenter-issue.Android", "appcenter-issue.Android\appcenter-issue.Android.csproj", "{056CAE91-D131-4541-98EE-CC4B310E6285}"
EndProject
Project("{FAE04EC0-301F-11D3-BF4B-00C04F79EFBC}") = "appcenter-issue.iOS", "appcenter-issue.iOS\appcenter-issue.iOS.csproj", "{A0A5B5F9-EDAF-453F-946A-B5598772013C}"
EndProject
Project("{9A19103F-16F7-4668-BE54-9A1E7A4F7556}") = "appcenter-issue", "appcenter-issue\appcenter-issue.csproj", "{BE199F94-2363-472B-A72E-1A9996486068}"
EndProject
Project("{FAE04EC0-301F-11D3-BF4B-00C04F79EFBC}") = "appcenter-issue.UWP", "appcenter-issue.UWP\appcenter-issue.UWP.csproj", "{198711BA-D832-4451-9ACE-DD3B3474ECAE}"
EndProject
Project("{9A19103F-16F7-4668-BE54-9A1E7A4F7556}") = "appcenter-issue-submodule", "appcenter-issue-submodule\appcenter-issue-submodule\appcenter-issue-submodule.csproj", "{28EA7B06-81E2-4C4B-B80B-6A11F88B33DD}"
EndProject
Global
	GlobalSection(SolutionConfigurationPlatforms) = preSolution
		Debug|Any CPU = Debug|Any CPU
		Debug|ARM = Debug|ARM
		Debug|ARM64 = Debug|ARM64
		Debug|iPhone = Debug|iPhone
		Debug|iPhoneSimulator = Debug|iPhoneSimulator
		Debug|x64 = Debug|x64
		Debug|x86 = Debug|x86
		Release|Any CPU = Release|Any CPU
		Release|ARM = Release|ARM
		Release|ARM64 = Release|ARM64
		Release|iPhone = Release|iPhone
		Release|iPhoneSimulator = Release|iPhoneSimulator
		Release|x64 = Release|x64
		Release|x86 = Release|x86
	EndGlobalSection
	GlobalSection(ProjectConfigurationPlatforms) = postSolution
		{056CAE91-D131-4541-98EE-CC4B310E6285}.Debug|Any CPU.ActiveCfg = Debug|Any CPU
		{056CAE91-D131-4541-98EE-CC4B310E6285}.Debug|Any CPU.Build.0 = Debug|Any CPU
		{056CAE91-D131-4541-98EE-CC4B310E6285}.Debug|ARM.ActiveCfg = Debug|Any CPU
		{056CAE91-D131-4541-98EE-CC4B310E6285}.Debug|ARM64.ActiveCfg = Debug|Any CPU
		{056CAE91-D131-4541-98EE-CC4B310E6285}.Debug|iPhone.ActiveCfg = Debug|Any CPU
		{056CAE91-D131-4541-98EE-CC4B310E6285}.Debug|iPhone.Build.0 = Debug|Any CPU
		{056CAE91-D131-4541-98EE-CC4B310E6285}.Debug|iPhoneSimulator.ActiveCfg = Debug|Any CPU
		{056CAE91-D131-4541-98EE-CC4B310E6285}.Debug|iPhoneSimulator.Build.0 = Debug|Any CPU
		{056CAE91-D131-4541-98EE-CC4B310E6285}.Debug|x64.ActiveCfg = Debug|Any CPU
		{056CAE91-D131-4541-98EE-CC4B310E6285}.Debug|x86.ActiveCfg = Debug|Any CPU
		{056CAE91-D131-4541-98EE-CC4B310E6285}.Release|Any CPU.ActiveCfg = Release|Any CPU
		{056CAE91-D131-4541-98EE-CC4B310E6285}.Release|Any CPU.Build.0 = Release|Any CPU
		{056CAE91-D131-4541-98EE-CC4B310E6285}.Release|ARM.ActiveCfg = Release|Any CPU
		{056CAE91-D131-4541-98EE-CC4B310E6285}.Release|ARM64.ActiveCfg = Release|Any CPU
		{056CAE91-D131-4541-98EE-CC4B310E6285}.Release|iPhone.ActiveCfg = Release|Any CPU
		{056CAE91-D131-4541-98EE-CC4B310E6285}.Release|iPhone.Build.0 = Release|Any CPU
		{056CAE91-D131-4541-98EE-CC4B310E6285}.Release|iPhoneSimulator.ActiveCfg = Release|Any CPU
		{056CAE91-D131-4541-98EE-CC4B310E6285}.Release|iPhoneSimulator.Build.0 = Release|Any CPU
		{056CAE91-D131-4541-98EE-CC4B310E6285}.Release|x64.ActiveCfg = Release|Any CPU
		{056CAE91-D131-4541-98EE-CC4B310E6285}.Release|x86.ActiveCfg = Release|Any CPU
		{A0A5B5F9-EDAF-453F-946A-B5598772013C}.Debug|Any CPU.ActiveCfg = Debug|iPhoneSimulator
		{A0A5B5F9-EDAF-453F-946A-B5598772013C}.Debug|Any CPU.Build.0 = Debug|iPhoneSimulator
		{A0A5B5F9-EDAF-453F-946A-B5598772013C}.Debug|ARM.ActiveCfg = Debug|iPhone
		{A0A5B5F9-EDAF-453F-946A-B5598772013C}.Debug|ARM64.ActiveCfg = Debug|iPhone
		{A0A5B5F9-EDAF-453F-946A-B5598772013C}.Debug|iPhone.ActiveCfg = Debug|iPhone
		{A0A5B5F9-EDAF-453F-946A-B5598772013C}.Debug|iPhone.Build.0 = Debug|iPhone
		{A0A5B5F9-EDAF-453F-946A-B5598772013C}.Debug|iPhoneSimulator.ActiveCfg = Debug|iPhoneSimulator
		{A0A5B5F9-EDAF-453F-946A-B5598772013C}.Debug|iPhoneSimulator.Build.0 = Debug|iPhoneSimulator
		{A0A5B5F9-EDAF-453F-946A-B5598772013C}.Debug|x64.ActiveCfg = Debug|iPhone
		{A0A5B5F9-EDAF-453F-946A-B5598772013C}.Debug|x86.ActiveCfg = Debug|iPhone
		{A0A5B5F9-EDAF-453F-946A-B5598772013C}.Release|Any CPU.ActiveCfg = Release|iPhoneSimulator
		{A0A5B5F9-EDAF-453F-946A-B5598772013C}.Release|Any CPU.Build.0 = Release|iPhoneSimulator
		{A0A5B5F9-EDAF-453F-946A-B5598772013C}.Release|ARM.ActiveCfg = Release|iPhone
		{A0A5B5F9-EDAF-453F-946A-B5598772013C}.Release|ARM64.ActiveCfg = Release|iPhone
		{A0A5B5F9-EDAF-453F-946A-B5598772013C}.Release|iPhone.ActiveCfg = Release|iPhone
		{A0A5B5F9-EDAF-453F-946A-B5598772013C}.Release|iPhone.Build.0 = Release|iPhone
		{A0A5B5F9-EDAF-453F-946A-B5598772013C}.Release|iPhoneSimulator.ActiveCfg = Release|iPhoneSimulator
		{A0A5B5F9-EDAF-453F-946A-B5598772013C}.Release|iPhoneSimulator.Build.0 = Release|iPhoneSimulator
		{A0A5B5F9-EDAF-453F-946A-B5598772013C}.Release|x64.ActiveCfg = Release|iPhone
		{A0A5B5F9-EDAF-453F-946A-B5598772013C}.Release|x86.ActiveCfg = Release|iPhone
		{BE199F94-2363-472B-A72E-1A9996486068}.Debug|Any CPU.ActiveCfg = Debug|Any CPU
		{BE199F94-2363-472B-A72E-1A9996486068}.Debug|Any CPU.Build.0 = Debug|Any CPU
		{BE199F94-2363-472B-A72E-1A9996486068}.Debug|ARM.ActiveCfg = Debug|Any CPU
		{BE199F94-2363-472B-A72E-1A9996486068}.Debug|ARM.Build.0 = Debug|Any CPU
		{BE199F94-2363-472B-A72E-1A9996486068}.Debug|ARM64.ActiveCfg = Debug|Any CPU
		{BE199F94-2363-472B-A72E-1A9996486068}.Debug|ARM64.Build.0 = Debug|Any CPU
		{BE199F94-2363-472B-A72E-1A9996486068}.Debug|iPhone.ActiveCfg = Debug|Any CPU
		{BE199F94-2363-472B-A72E-1A9996486068}.Debug|iPhone.Build.0 = Debug|Any CPU
		{BE199F94-2363-472B-A72E-1A9996486068}.Debug|iPhoneSimulator.ActiveCfg = Debug|Any CPU
		{BE199F94-2363-472B-A72E-1A9996486068}.Debug|iPhoneSimulator.Build.0 = Debug|Any CPU
		{BE199F94-2363-472B-A72E-1A9996486068}.Debug|x64.ActiveCfg = Debug|Any CPU
		{BE199F94-2363-472B-A72E-1A9996486068}.Debug|x64.Build.0 = Debug|Any CPU
		{BE199F94-2363-472B-A72E-1A9996486068}.Debug|x86.ActiveCfg = Debug|Any CPU
		{BE199F94-2363-472B-A72E-1A9996486068}.Debug|x86.Build.0 = Debug|Any CPU
		{BE199F94-2363-472B-A72E-1A9996486068}.Release|Any CPU.ActiveCfg = Release|Any CPU
		{BE199F94-2363-472B-A72E-1A9996486068}.Release|Any CPU.Build.0 = Release|Any CPU
		{BE199F94-2363-472B-A72E-1A9996486068}.Release|ARM.ActiveCfg = Release|Any CPU
		{BE199F94-2363-472B-A72E-1A9996486068}.Release|ARM.Build.0 = Release|Any CPU
		{BE199F94-2363-472B-A72E-1A9996486068}.Release|ARM64.ActiveCfg = Release|Any CPU
		{BE199F94-2363-472B-A72E-1A9996486068}.Release|ARM64.Build.0 = Release|Any CPU
		{BE199F94-2363-472B-A72E-1A9996486068}.Release|iPhone.ActiveCfg = Release|Any CPU
		{BE199F94-2363-472B-A72E-1A9996486068}.Release|iPhone.Build.0 = Release|Any CPU
		{BE199F94-2363-472B-A72E-1A9996486068}.Release|iPhoneSimulator.ActiveCfg = Release|Any CPU
		{BE199F94-2363-472B-A72E-1A9996486068}.Release|iPhoneSimulator.Build.0 = Release|Any CPU
		{BE199F94-2363-472B-A72E-1A9996486068}.Release|x64.ActiveCfg = Release|Any CPU
		{BE199F94-2363-472B-A72E-1A9996486068}.Release|x64.Build.0 = Release|Any CPU
		{BE199F94-2363-472B-A72E-1A9996486068}.Release|x86.ActiveCfg = Release|Any CPU
		{BE199F94-2363-472B-A72E-1A9996486068}.Release|x86.Build.0 = Release|Any CPU
		{198711BA-D832-4451-9ACE-DD3B3474ECAE}.Debug|Any CPU.ActiveCfg = Debug|x86
		{198711BA-D832-4451-9ACE-DD3B3474ECAE}.Debug|Any CPU.Build.0 = Debug|x86
		{198711BA-D832-4451-9ACE-DD3B3474ECAE}.Debug|Any CPU.Deploy.0 = Debug|x86
		{198711BA-D832-4451-9ACE-DD3B3474ECAE}.Debug|ARM.ActiveCfg = Debug|ARM
		{198711BA-D832-4451-9ACE-DD3B3474ECAE}.Debug|ARM.Build.0 = Debug|ARM
		{198711BA-D832-4451-9ACE-DD3B3474ECAE}.Debug|ARM.Deploy.0 = Debug|ARM
		{198711BA-D832-4451-9ACE-DD3B3474ECAE}.Debug|ARM64.ActiveCfg = Debug|ARM64
		{198711BA-D832-4451-9ACE-DD3B3474ECAE}.Debug|ARM64.Build.0 = Debug|ARM64
		{198711BA-D832-4451-9ACE-DD3B3474ECAE}.Debug|ARM64.Deploy.0 = Debug|ARM64
		{198711BA-D832-4451-9ACE-DD3B3474ECAE}.Debug|iPhone.ActiveCfg = Debug|x86
		{198711BA-D832-4451-9ACE-DD3B3474ECAE}.Debug|iPhoneSimulator.ActiveCfg = Debug|x86
		{198711BA-D832-4451-9ACE-DD3B3474ECAE}.Debug|x64.ActiveCfg = Debug|x64
		{198711BA-D832-4451-9ACE-DD3B3474ECAE}.Debug|x64.Build.0 = Debug|x64
		{198711BA-D832-4451-9ACE-DD3B3474ECAE}.Debug|x64.Deploy.0 = Debug|x64
		{198711BA-D832-4451-9ACE-DD3B3474ECAE}.Debug|x86.ActiveCfg = Debug|x86
		{198711BA-D832-4451-9ACE-DD3B3474ECAE}.Debug|x86.Build.0 = Debug|x86
		{198711BA-D832-4451-9ACE-DD3B3474ECAE}.Debug|x86.Deploy.0 = Debug|x86
		{198711BA-D832-4451-9ACE-DD3B3474ECAE}.Release|Any CPU.ActiveCfg = Release|x86
		{198711BA-D832-4451-9ACE-DD3B3474ECAE}.Release|ARM.ActiveCfg = Release|ARM
		{198711BA-D832-4451-9ACE-DD3B3474ECAE}.Release|ARM.Build.0 = Release|ARM
		{198711BA-D832-4451-9ACE-DD3B3474ECAE}.Release|ARM.Deploy.0 = Release|ARM
		{198711BA-D832-4451-9ACE-DD3B3474ECAE}.Release|ARM64.ActiveCfg = Release|ARM64
		{198711BA-D832-4451-9ACE-DD3B3474ECAE}.Release|ARM64.Build.0 = Release|ARM64
		{198711BA-D832-4451-9ACE-DD3B3474ECAE}.Release|ARM64.Deploy.0 = Release|ARM64
		{198711BA-D832-4451-9ACE-DD3B3474ECAE}.Release|iPhone.ActiveCfg = Release|x86
		{198711BA-D832-4451-9ACE-DD3B3474ECAE}.Release|iPhoneSimulator.ActiveCfg = Release|x86
		{198711BA-D832-4451-9ACE-DD3B3474ECAE}.Release|x64.ActiveCfg = Release|x64
		{198711BA-D832-4451-9ACE-DD3B3474ECAE}.Release|x64.Build.0 = Release|x64
		{198711BA-D832-4451-9ACE-DD3B3474ECAE}.Release|x64.Deploy.0 = Release|x64
		{198711BA-D832-4451-9ACE-DD3B3474ECAE}.Release|x86.ActiveCfg = Release|x86
		{198711BA-D832-4451-9ACE-DD3B3474ECAE}.Release|x86.Build.0 = Release|x86
		{198711BA-D832-4451-9ACE-DD3B3474ECAE}.Release|x86.Deploy.0 = Release|x86
		{28EA7B06-81E2-4C4B-B80B-6A11F88B33DD}.Debug|Any CPU.ActiveCfg = Debug|Any CPU
		{28EA7B06-81E2-4C4B-B80B-6A11F88B33DD}.Debug|Any CPU.Build.0 = Debug|Any CPU
		{28EA7B06-81E2-4C4B-B80B-6A11F88B33DD}.Debug|ARM.ActiveCfg = Debug|Any CPU
		{28EA7B06-81E2-4C4B-B80B-6A11F88B33DD}.Debug|ARM.Build.0 = Debug|Any CPU
		{28EA7B06-81E2-4C4B-B80B-6A11F88B33DD}.Debug|ARM64.ActiveCfg = Debug|Any CPU
		{28EA7B06-81E2-4C4B-B80B-6A11F88B33DD}.Debug|ARM64.Build.0 = Debug|Any CPU
		{28EA7B06-81E2-4C4B-B80B-6A11F88B33DD}.Debug|iPhone.ActiveCfg = Debug|Any CPU
		{28EA7B06-81E2-4C4B-B80B-6A11F88B33DD}.Debug|iPhone.Build.0 = Debug|Any CPU
		{28EA7B06-81E2-4C4B-B80B-6A11F88B33DD}.Debug|iPhoneSimulator.ActiveCfg = Debug|Any CPU
		{28EA7B06-81E2-4C4B-B80B-6A11F88B33DD}.Debug|iPhoneSimulator.Build.0 = Debug|Any CPU
		{28EA7B06-81E2-4C4B-B80B-6A11F88B33DD}.Debug|x64.ActiveCfg = Debug|Any CPU
		{28EA7B06-81E2-4C4B-B80B-6A11F88B33DD}.Debug|x64.Build.0 = Debug|Any CPU
		{28EA7B06-81E2-4C4B-B80B-6A11F88B33DD}.Debug|x86.ActiveCfg = Debug|Any CPU
		{28EA7B06-81E2-4C4B-B80B-6A11F88B33DD}.Debug|x86.Build.0 = Debug|Any CPU
		{28EA7B06-81E2-4C4B-B80B-6A11F88B33DD}.Release|Any CPU.ActiveCfg = Release|Any CPU
		{28EA7B06-81E2-4C4B-B80B-6A11F88B33DD}.Release|Any CPU.Build.0 = Release|Any CPU
		{28EA7B06-81E2-4C4B-B80B-6A11F88B33DD}.Release|ARM.ActiveCfg = Release|Any CPU
		{28EA7B06-81E2-4C4B-B80B-6A11F88B33DD}.Release|ARM.Build.0 = Release|Any CPU
		{28EA7B06-81E2-4C4B-B80B-6A11F88B33DD}.Release|ARM64.ActiveCfg = Release|Any CPU
		{28EA7B06-81E2-4C4B-B80B-6A11F88B33DD}.Release|ARM64.Build.0 = Release|Any CPU
		{28EA7B06-81E2-4C4B-B80B-6A11F88B33DD}.Release|iPhone.ActiveCfg = Release|Any CPU
		{28EA7B06-81E2-4C4B-B80B-6A11F88B33DD}.Release|iPhone.Build.0 = Release|Any CPU
		{28EA7B06-81E2-4C4B-B80B-6A11F88B33DD}.Release|iPhoneSimulator.ActiveCfg = Release|Any CPU
		{28EA7B06-81E2-4C4B-B80B-6A11F88B33DD}.Release|iPhoneSimulator.Build.0 = Release|Any CPU
		{28EA7B06-81E2-4C4B-B80B-6A11F88B33DD}.Release|x64.ActiveCfg = Release|Any CPU
		{28EA7B06-81E2-4C4B-B80B-6A11F88B33DD}.Release|x64.Build.0 = Release|Any CPU
		{28EA7B06-81E2-4C4B-B80B-6A11F88B33DD}.Release|x86.ActiveCfg = Release|Any CPU
		{28EA7B06-81E2-4C4B-B80B-6A11F88B33DD}.Release|x86.Build.0 = Release|Any CPU
	EndGlobalSection
	GlobalSection(SolutionProperties) = preSolution
		HideSolutionNode = FALSE
	EndGlobalSection
	GlobalSection(ExtensibilityGlobals) = postSolution
		SolutionGuid = {8E8D10B9-EAE6-4DC7-B16C-49429AE14DFB}
	EndGlobalSection
EndGlobal
